// !$*UTF8*$!
{
	archiveVersion = 1;
	classes = {
	};
	objectVersion = 56;
	objects = {

/* Begin PBXBuildFile section */
		5989C491296E9C1B00EC7FDD /* WaterCalApp.swift in Sources */ = {isa = PBXBuildFile; fileRef = 5989C490296E9C1B00EC7FDD /* WaterCalApp.swift */; };
		5989C493296E9C1B00EC7FDD /* ContentView.swift in Sources */ = {isa = PBXBuildFile; fileRef = 5989C492296E9C1B00EC7FDD /* ContentView.swift */; };
		5989C495296E9C1C00EC7FDD /* Assets.xcassets in Resources */ = {isa = PBXBuildFile; fileRef = 5989C494296E9C1C00EC7FDD /* Assets.xcassets */; };
		5989C498296E9C1C00EC7FDD /* Preview Assets.xcassets in Resources */ = {isa = PBXBuildFile; fileRef = 5989C497296E9C1C00EC7FDD /* Preview Assets.xcassets */; };
		5989C49F296E9C4D00EC7FDD /* Form.swift in Sources */ = {isa = PBXBuildFile; fileRef = 5989C49E296E9C4D00EC7FDD /* Form.swift */; };
		5989C4A2296E9D6B00EC7FDD /* WaterContainer.xcdatamodeld in Sources */ = {isa = PBXBuildFile; fileRef = 5989C4A0296E9D6B00EC7FDD /* WaterContainer.xcdatamodeld */; };
		5989C4A5296EA1EF00EC7FDD /* RoundedShape.swift in Sources */ = {isa = PBXBuildFile; fileRef = 5989C4A4296EA1EF00EC7FDD /* RoundedShape.swift */; };
/* End PBXBuildFile section */

/* Begin PBXFileReference section */
		5989C48D296E9C1B00EC7FDD /* WaterCal.app */ = {isa = PBXFileReference; explicitFileType = wrapper.application; includeInIndex = 0; path = WaterCal.app; sourceTree = BUILT_PRODUCTS_DIR; };
		5989C490296E9C1B00EC7FDD /* WaterCalApp.swift */ = {isa = PBXFileReference; lastKnownFileType = sourcecode.swift; path = WaterCalApp.swift; sourceTree = "<group>"; };
		5989C492296E9C1B00EC7FDD /* ContentView.swift */ = {isa = PBXFileReference; lastKnownFileType = sourcecode.swift; path = ContentView.swift; sourceTree = "<group>"; };
		5989C494296E9C1C00EC7FDD /* Assets.xcassets */ = {isa = PBXFileReference; lastKnownFileType = folder.assetcatalog; path = Assets.xcassets; sourceTree = "<group>"; };
		5989C497296E9C1C00EC7FDD /* Preview Assets.xcassets */ = {isa = PBXFileReference; lastKnownFileType = folder.assetcatalog; path = "Preview Assets.xcassets"; sourceTree = "<group>"; };
		5989C49E296E9C4D00EC7FDD /* Form.swift */ = {isa = PBXFileReference; lastKnownFileType = sourcecode.swift; path = Form.swift; sourceTree = "<group>"; };
		5989C4A1296E9D6B00EC7FDD /* WaterContainer.xcdatamodel */ = {isa = PBXFileReference; lastKnownFileType = wrapper.xcdatamodel; path = WaterContainer.xcdatamodel; sourceTree = "<group>"; };
		5989C4A4296EA1EF00EC7FDD /* RoundedShape.swift */ = {isa = PBXFileReference; lastKnownFileType = sourcecode.swift; path = RoundedShape.swift; sourceTree = "<group>"; };
/* End PBXFileReference section */

/* Begin PBXFrameworksBuildPhase section */
		5989C48A296E9C1B00EC7FDD /* Frameworks */ = {
			isa = PBXFrameworksBuildPhase;
			buildActionMask = 2147483647;
			files = (
			);
			runOnlyForDeploymentPostprocessing = 0;
		};
/* End PBXFrameworksBuildPhase section */

/* Begin PBXGroup section */
		5989C484296E9C1B00EC7FDD = {
			isa = PBXGroup;
			children = (
				5989C48F296E9C1B00EC7FDD /* WaterCal */,
				5989C48E296E9C1B00EC7FDD /* Products */,
			);
			sourceTree = "<group>";
		};
		5989C48E296E9C1B00EC7FDD /* Products */ = {
			isa = PBXGroup;
			children = (
				5989C48D296E9C1B00EC7FDD /* WaterCal.app */,
			);
			name = Products;
			sourceTree = "<group>";
		};
		5989C48F296E9C1B00EC7FDD /* WaterCal */ = {
			isa = PBXGroup;
			children = (
				5989C490296E9C1B00EC7FDD /* WaterCalApp.swift */,
				5989C492296E9C1B00EC7FDD /* ContentView.swift */,
				5989C49E296E9C4D00EC7FDD /* Form.swift */,
				5989C4A3296EA1DA00EC7FDD /* Component */,
				5989C4A0296E9D6B00EC7FDD /* WaterContainer.xcdatamodeld */,
				5989C494296E9C1C00EC7FDD /* Assets.xcassets */,
				5989C496296E9C1C00EC7FDD /* Preview Content */,
			);
			path = WaterCal;
			sourceTree = "<group>";
		};
		5989C496296E9C1C00EC7FDD /* Preview Content */ = {
			isa = PBXGroup;
			children = (
				5989C497296E9C1C00EC7FDD /* Preview Assets.xcassets */,
			);
			path = "Preview Content";
			sourceTree = "<group>";
		};
		5989C4A3296EA1DA00EC7FDD /* Component */ = {
			isa = PBXGroup;
			children = (
				5989C4A4296EA1EF00EC7FDD /* RoundedShape.swift */,
			);
			path = Component;
			sourceTree = "<group>";
		};
/* End PBXGroup section */

/* Begin PBXNativeTarget section */
		5989C48C296E9C1B00EC7FDD /* WaterCal */ = {
			isa = PBXNativeTarget;
			buildConfigurationList = 5989C49B296E9C1C00EC7FDD /* Build configuration list for PBXNativeTarget "WaterCal" */;
			buildPhases = (
				5989C489296E9C1B00EC7FDD /* Sources */,
				5989C48A296E9C1B00EC7FDD /* Frameworks */,
				5989C48B296E9C1B00EC7FDD /* Resources */,
			);
			buildRules = (
			);
			dependencies = (
			);
			name = WaterCal;
			productName = WaterCal;
			productReference = 5989C48D296E9C1B00EC7FDD /* WaterCal.app */;
			productType = "com.apple.product-type.application";
		};
/* End PBXNativeTarget section */

/* Begin PBXProject section */
		5989C485296E9C1B00EC7FDD /* Project object */ = {
			isa = PBXProject;
			attributes = {
				BuildIndependentTargetsInParallel = 1;
				LastSwiftUpdateCheck = 1410;
				LastUpgradeCheck = 1410;
				TargetAttributes = {
					5989C48C296E9C1B00EC7FDD = {
						CreatedOnToolsVersion = 14.1;
					};
				};
			};
			buildConfigurationList = 5989C488296E9C1B00EC7FDD /* Build configuration list for PBXProject "WaterCal" */;
			compatibilityVersion = "Xcode 14.0";
			developmentRegion = en;
			hasScannedForEncodings = 0;
			knownRegions = (
				en,
				Base,
			);
			mainGroup = 5989C484296E9C1B00EC7FDD;
			productRefGroup = 5989C48E296E9C1B00EC7FDD /* Products */;
			projectDirPath = "";
			projectRoot = "";
			targets = (
				5989C48C296E9C1B00EC7FDD /* WaterCal */,
			);
		};
/* End PBXProject section */

/* Begin PBXResourcesBuildPhase section */
		5989C48B296E9C1B00EC7FDD /* Resources */ = {
			isa = PBXResourcesBuildPhase;
			buildActionMask = 2147483647;
			files = (
				5989C498296E9C1C00EC7FDD /* Preview Assets.xcassets in Resources */,
				5989C495296E9C1C00EC7FDD /* Assets.xcassets in Resources */,
			);
			runOnlyForDeploymentPostprocessing = 0;
		};
/* End PBXResourcesBuildPhase section */

/* Begin PBXSourcesBuildPhase section */
		5989C489296E9C1B00EC7FDD /* Sources */ = {
			isa = PBXSourcesBuildPhase;
			buildActionMask = 2147483647;
			files = (
				5989C4A5296EA1EF00EC7FDD /* RoundedShape.swift in Sources */,
				5989C493296E9C1B00EC7FDD /* ContentView.swift in Sources */,
				5989C4A2296E9D6B00EC7FDD /* WaterContainer.xcdatamodeld in Sources */,
				5989C491296E9C1B00EC7FDD /* WaterCalApp.swift in Sources */,
				5989C49F296E9C4D00EC7FDD /* Form.swift in Sources */,
			);
			runOnlyForDeploymentPostprocessing = 0;
		};
/* End PBXSourcesBuildPhase section */

/* Begin XCBuildConfiguration section */
		5989C499296E9C1C00EC7FDD /* Debug */ = {
			isa = XCBuildConfiguration;
			buildSettings = {
				ALWAYS_SEARCH_USER_PATHS = NO;
				CLANG_ANALYZER_NONNULL = YES;
				CLANG_ANALYZER_NUMBER_OBJECT_CONVERSION = YES_AGGRESSIVE;
				CLANG_CXX_LANGUAGE_STANDARD = "gnu++20";
				CLANG_ENABLE_MODULES = YES;
				CLANG_ENABLE_OBJC_ARC = YES;
				CLANG_ENABLE_OBJC_WEAK = YES;
				CLANG_WARN_BLOCK_CAPTURE_AUTORELEASING = YES;
				CLANG_WARN_BOOL_CONVERSION = YES;
				CLANG_WARN_COMMA = YES;
				CLANG_WARN_CONSTANT_CONVERSION = YES;
				CLANG_WARN_DEPRECATED_OBJC_IMPLEMENTATIONS = YES;
				CLANG_WARN_DIRECT_OBJC_ISA_USAGE = YES_ERROR;
				CLANG_WARN_DOCUMENTATION_COMMENTS = YES;
				CLANG_WARN_EMPTY_BODY = YES;
				CLANG_WARN_ENUM_CONVERSION = YES;
				CLANG_WARN_INFINITE_RECURSION = YES;
				CLANG_WARN_INT_CONVERSION = YES;
				CLANG_WARN_NON_LITERAL_NULL_CONVERSION = YES;
				CLANG_WARN_OBJC_IMPLICIT_RETAIN_SELF = YES;
				CLANG_WARN_OBJC_LITERAL_CONVERSION = YES;
				CLANG_WARN_OBJC_ROOT_CLASS = YES_ERROR;
				CLANG_WARN_QUOTED_INCLUDE_IN_FRAMEWORK_HEADER = YES;
				CLANG_WARN_RANGE_LOOP_ANALYSIS = YES;
				CLANG_WARN_STRICT_PROTOTYPES = YES;
				CLANG_WARN_SUSPICIOUS_MOVE = YES;
				CLANG_WARN_UNGUARDED_AVAILABILITY = YES_AGGRESSIVE;
				CLANG_WARN_UNREACHABLE_CODE = YES;
				CLANG_WARN__DUPLICATE_METHOD_MATCH = YES;
				COPY_PHASE_STRIP = NO;
				DEBUG_INFORMATION_FORMAT = dwarf;
				ENABLE_STRICT_OBJC_MSGSEND = YES;
				ENABLE_TESTABILITY = YES;
				GCC_C_LANGUAGE_STANDARD = gnu11;
				GCC_DYNAMIC_NO_PIC = NO;
				GCC_NO_COMMON_BLOCKS = YES;
				GCC_OPTIMIZATION_LEVEL = 0;
				GCC_PREPROCESSOR_DEFINITIONS = (
					"DEBUG=1",
					"$(inherited)",
				);
				GCC_WARN_64_TO_32_BIT_CONVERSION = YES;
				GCC_WARN_ABOUT_RETURN_TYPE = YES_ERROR;
				GCC_WARN_UNDECLARED_SELECTOR = YES;
				GCC_WARN_UNINITIALIZED_AUTOS = YES_AGGRESSIVE;
				GCC_WARN_UNUSED_FUNCTION = YES;
				GCC_WARN_UNUSED_VARIABLE = YES;
				IPHONEOS_DEPLOYMENT_TARGET = 16.1;
				MTL_ENABLE_DEBUG_INFO = INCLUDE_SOURCE;
				MTL_FAST_MATH = YES;
				ONLY_ACTIVE_ARCH = YES;
				SDKROOT = iphoneos;
				SWIFT_ACTIVE_COMPILATION_CONDITIONS = DEBUG;
				SWIFT_OPTIMIZATION_LEVEL = "-Onone";
			};
			name = Debug;
		};
		5989C49A296E9C1C00EC7FDD /* Release */ = {
			isa = XCBuildConfiguration;
			buildSettings = {
				ALWAYS_SEARCH_USER_PATHS = NO;
				CLANG_ANALYZER_NONNULL = YES;
				CLANG_ANALYZER_NUMBER_OBJECT_CONVERSION = YES_AGGRESSIVE;
				CLANG_CXX_LANGUAGE_STANDARD = "gnu++20";
				CLANG_ENABLE_MODULES = YES;
				CLANG_ENABLE_OBJC_ARC = YES;
				CLANG_ENABLE_OBJC_WEAK = YES;
				CLANG_WARN_BLOCK_CAPTURE_AUTORELEASING = YES;
				CLANG_WARN_BOOL_CONVERSION = YES;
				CLANG_WARN_COMMA = YES;
				CLANG_WARN_CONSTANT_CONVERSION = YES;
				CLANG_WARN_DEPRECATED_OBJC_IMPLEMENTATIONS = YES;
				CLANG_WARN_DIRECT_OBJC_ISA_USAGE = YES_ERROR;
				CLANG_WARN_DOCUMENTATION_COMMENTS = YES;
				CLANG_WARN_EMPTY_BODY = YES;
				CLANG_WARN_ENUM_CONVERSION = YES;
				CLANG_WARN_INFINITE_RECURSION = YES;
				CLANG_WARN_INT_CONVERSION = YES;
				CLANG_WARN_NON_LITERAL_NULL_CONVERSION = YES;
				CLANG_WARN_OBJC_IMPLICIT_RETAIN_SELF = YES;
				CLANG_WARN_OBJC_LITERAL_CONVERSION = YES;
				CLANG_WARN_OBJC_ROOT_CLASS = YES_ERROR;
				CLANG_WARN_QUOTED_INCLUDE_IN_FRAMEWORK_HEADER = YES;
				CLANG_WARN_RANGE_LOOP_ANALYSIS = YES;
				CLANG_WARN_STRICT_PROTOTYPES = YES;
				CLANG_WARN_SUSPICIOUS_MOVE = YES;
				CLANG_WARN_UNGUARDED_AVAILABILITY = YES_AGGRESSIVE;
				CLANG_WARN_UNREACHABLE_CODE = YES;
				CLANG_WARN__DUPLICATE_METHOD_MATCH = YES;
				COPY_PHASE_STRIP = NO;
				DEBUG_INFORMATION_FORMAT = "dwarf-with-dsym";
				ENABLE_NS_ASSERTIONS = NO;
				ENABLE_STRICT_OBJC_MSGSEND = YES;
				GCC_C_LANGUAGE_STANDARD = gnu11;
				GCC_NO_COMMON_BLOCKS = YES;
				GCC_WARN_64_TO_32_BIT_CONVERSION = YES;
				GCC_WARN_ABOUT_RETURN_TYPE = YES_ERROR;
				GCC_WARN_UNDECLARED_SELECTOR = YES;
				GCC_WARN_UNINITIALIZED_AUTOS = YES_AGGRESSIVE;
				GCC_WARN_UNUSED_FUNCTION = YES;
				GCC_WARN_UNUSED_VARIABLE = YES;
				IPHONEOS_DEPLOYMENT_TARGET = 16.1;
				MTL_ENABLE_DEBUG_INFO = NO;
				MTL_FAST_MATH = YES;
				SDKROOT = iphoneos;
				SWIFT_COMPILATION_MODE = wholemodule;
				SWIFT_OPTIMIZATION_LEVEL = "-O";
				VALIDATE_PRODUCT = YES;
			};
			name = Release;
		};
		5989C49C296E9C1C00EC7FDD /* Debug */ = {
			isa = XCBuildConfiguration;
			buildSettings = {
				ASSETCATALOG_COMPILER_APPICON_NAME = AppIcon;
				ASSETCATALOG_COMPILER_GLOBAL_ACCENT_COLOR_NAME = AccentColor;
				CODE_SIGN_STYLE = Automatic;
				CURRENT_PROJECT_VERSION = 1;
				DEVELOPMENT_ASSET_PATHS = "\"WaterCal/Preview Content\"";
				DEVELOPMENT_TEAM = 686H3J2SCC;
				ENABLE_PREVIEWS = YES;
				GENERATE_INFOPLIST_FILE = YES;
				INFOPLIST_KEY_UIApplicationSceneManifest_Generation = YES;
				INFOPLIST_KEY_UIApplicationSupportsIndirectInputEvents = YES;
				INFOPLIST_KEY_UILaunchScreen_Generation = YES;
				INFOPLIST_KEY_UISupportedInterfaceOrientations_iPad = "UIInterfaceOrientationPortrait UIInterfaceOrientationPortraitUpsideDown UIInterfaceOrientationLandscapeLeft UIInterfaceOrientationLandscapeRight";
				INFOPLIST_KEY_UISupportedInterfaceOrientations_iPhone = "UIInterfaceOrientationPortrait UIInterfaceOrientationLandscapeLeft UIInterfaceOrientationLandscapeRight";
				LD_RUNPATH_SEARCH_PATHS = (
					"$(inherited)",
					"@executable_path/Frameworks",
				);
				MARKETING_VERSION = 1.0;
				PRODUCT_BUNDLE_IDENTIFIER = com.example.WaterCal;
				PRODUCT_NAME = "$(TARGET_NAME)";
				SWIFT_EMIT_LOC_STRINGS = YES;
				SWIFT_VERSION = 5.0;
				TARGETED_DEVICE_FAMILY = "1,2";
			};
			name = Debug;
		};
		5989C49D296E9C1C00EC7FDD /* Release */ = {
			isa = XCBuildConfiguration;
			buildSettings = {
				ASSETCATALOG_COMPILER_APPICON_NAME = AppIcon;
				ASSETCATALOG_COMPILER_GLOBAL_ACCENT_COLOR_NAME = AccentColor;
				CODE_SIGN_STYLE = Automatic;
				CURRENT_PROJECT_VERSION = 1;
				DEVELOPMENT_ASSET_PATHS = "\"WaterCal/Preview Content\"";
				DEVELOPMENT_TEAM = 686H3J2SCC;
				ENABLE_PREVIEWS = YES;
				GENERATE_INFOPLIST_FILE = YES;
				INFOPLIST_KEY_UIApplicationSceneManifest_Generation = YES;
				INFOPLIST_KEY_UIApplicationSupportsIndirectInputEvents = YES;
				INFOPLIST_KEY_UILaunchScreen_Generation = YES;
				INFOPLIST_KEY_UISupportedInterfaceOrientations_iPad = "UIInterfaceOrientationPortrait UIInterfaceOrientationPortraitUpsideDown UIInterfaceOrientationLandscapeLeft UIInterfaceOrientationLandscapeRight";
				INFOPLIST_KEY_UISupportedInterfaceOrientations_iPhone = "UIInterfaceOrientationPortrait UIInterfaceOrientationLandscapeLeft UIInterfaceOrientationLandscapeRight";
				LD_RUNPATH_SEARCH_PATHS = (
					"$(inherited)",
					"@executable_path/Frameworks",
				);
				MARKETING_VERSION = 1.0;
				PRODUCT_BUNDLE_IDENTIFIER = com.example.WaterCal;
				PRODUCT_NAME = "$(TARGET_NAME)";
				SWIFT_EMIT_LOC_STRINGS = YES;
				SWIFT_VERSION = 5.0;
				TARGETED_DEVICE_FAMILY = "1,2";
			};
			name = Release;
		};
/* End XCBuildConfiguration section */

/* Begin XCConfigurationList section */
		5989C488296E9C1B00EC7FDD /* Build configuration list for PBXProject "WaterCal" */ = {
			isa = XCConfigurationList;
			buildConfigurations = (
				5989C499296E9C1C00EC7FDD /* Debug */,
				5989C49A296E9C1C00EC7FDD /* Release */,
			);
			defaultConfigurationIsVisible = 0;
			defaultConfigurationName = Release;
		};
		5989C49B296E9C1C00EC7FDD /* Build configuration list for PBXNativeTarget "WaterCal" */ = {
			isa = XCConfigurationList;
			buildConfigurations = (
				5989C49C296E9C1C00EC7FDD /* Debug */,
				5989C49D296E9C1C00EC7FDD /* Release */,
			);
			defaultConfigurationIsVisible = 0;
			defaultConfigurationName = Release;
		};
/* End XCConfigurationList section */

/* Begin XCVersionGroup section */
		5989C4A0296E9D6B00EC7FDD /* WaterContainer.xcdatamodeld */ = {
			isa = XCVersionGroup;
			children = (
				5989C4A1296E9D6B00EC7FDD /* WaterContainer.xcdatamodel */,
			);
			currentVersion = 5989C4A1296E9D6B00EC7FDD /* WaterContainer.xcdatamodel */;
			path = WaterContainer.xcdatamodeld;
			sourceTree = "<group>";
			versionGroupType = wrapper.xcdatamodel;
		};
/* End XCVersionGroup section */
	};
	rootObject = 5989C485296E9C1B00EC7FDD /* Project object */;
}
